
Microsoft Visual Studio Solution File, Format Version 12.00
# Visual Studio Version 17
VisualStudioVersion = 17.0.31903.59
MinimumVisualStudioVersion = 10.0.40219.1
Project("{FAE04EC0-301F-11D3-BF4B-00C04F79EFBC}") = "Learnify.Courses.Application", "src\Learnify.Courses.Application\Learnify.Courses.Application.csproj", "{18056D5A-0362-68A7-F69E-54C11B0F64B3}"
EndProject
Project("{FAE04EC0-301F-11D3-BF4B-00C04F79EFBC}") = "Learnify.Courses.Domain", "src\Learnify.Courses.Domain\Learnify.Courses.Domain.csproj", "{9FE76D67-6C7B-29F9-007D-9194192ACD62}"
EndProject
Project("{FAE04EC0-301F-11D3-BF4B-00C04F79EFBC}") = "Learnify.Courses.Infrastructure.Storaging", "src\Learnify.Courses.Infrastructure.Storaging\Learnify.Courses.Infrastructure.Storaging.csproj", "{11173EDC-1942-A25E-007C-195649E16C97}"
EndProject
Project("{FAE04EC0-301F-11D3-BF4B-00C04F79EFBC}") = "Learnify.Courses.WebApi", "src\Learnify.Courses.WebApi\Learnify.Courses.WebApi.csproj", "{58C731D0-C02F-8E6C-626D-F77E7EFD8D7B}"
EndProject
Project("{FAE04EC0-301F-11D3-BF4B-00C04F79EFBC}") = "Learnify.Courses.UnitTests", "tests\Learnify.Courses.UnitTests\Learnify.Courses.UnitTests.csproj", "{CC8D716B-6DCD-8405-CE18-C01178E61BFA}"
EndProject
Project("{FAE04EC0-301F-11D3-BF4B-00C04F79EFBC}") = "Learnify.Courses.IntegrationTests", "tests\Learnify.Courses.IntegrationTests\Learnify.Courses.IntegrationTests.csproj", "{60A1284A-BB4B-1C4F-444D-654D6E0EC933}"
EndProject
Project("{2150E333-8FDC-42A3-9474-1A3956D46DE8}") = "1 - Presentation", "1 - Presentation", "{02EA681E-C7D8-13C7-8484-4AC65E1B71E8}"
EndProject
Project("{2150E333-8FDC-42A3-9474-1A3956D46DE8}") = "2 - Application", "2 - Application", "{84E5181D-21AA-4D06-B98A-D0F5B1A61B93}"
EndProject
Project("{2150E333-8FDC-42A3-9474-1A3956D46DE8}") = "3 - Domain", "3 - Domain", "{88A13151-C745-4E63-97C8-AC4F96EEB136}"
EndProject
Project("{2150E333-8FDC-42A3-9474-1A3956D46DE8}") = "4 - Infrastructure", "4 - Infrastructure", "{F990A3EC-5CA0-48A1-AC40-C308B7F230C0}"
EndProject
Project("{2150E333-8FDC-42A3-9474-1A3956D46DE8}") = "5 - Tests", "5 - Tests", "{FA888978-31FF-442C-98E4-7D4F88D5E725}"
EndProject
Project("{2150E333-8FDC-42A3-9474-1A3956D46DE8}") = "Solution Items", "Solution Items", "{ABD6A51D-4D75-4D57-B0FE-0572780D4A54}"
	ProjectSection(SolutionItems) = preProject
		Makefile = Makefile
		..\..\infra\docker-compose-dev.yml = ..\..\infra\docker-compose-dev.yml
	EndProjectSection
EndProject
Project("{FAE04EC0-301F-11D3-BF4B-00C04F79EFBC}") = "Learnify.Courses.Workers.Outbox", "src\Learnify.Courses.Workers.Outbox\Learnify.Courses.Workers.Outbox.csproj", "{DC4CF2A6-9A84-4202-8BEF-8A3C40483E2C}"
EndProject
Project("{FAE04EC0-301F-11D3-BF4B-00C04F79EFBC}") = "Learnify.Courses.Infrastructure.Messaging", "src\Learnify.Courses.Infrastructure.Messaging\Learnify.Courses.Infrastructure.Messaging.csproj", "{CF765A07-3E70-4CA0-8167-A456DDD3F8A4}"
EndProject
Project("{2150E333-8FDC-42A3-9474-1A3956D46DE8}") = "0 - Libs", "0 - Libs", "{B8569C59-5E23-4212-9CCA-ED7FC86ED05C}"
EndProject
Project("{FAE04EC0-301F-11D3-BF4B-00C04F79EFBC}") = "Learnify.Messaging", "..\..\libs\Learnify.Messaging\Learnify.Messaging.csproj", "{AC6EF5A6-45FA-4C8D-A39E-A56917E96ADD}"
EndProject
Project("{FAE04EC0-301F-11D3-BF4B-00C04F79EFBC}") = "Learnify.Contracts", "..\..\libs\Learnify.Contracts\Learnify.Contracts.csproj", "{7F83F0FB-7011-4CE2-8703-57AD299408EA}"
EndProject
Project("{FAE04EC0-301F-11D3-BF4B-00C04F79EFBC}") = "Learnify.Courses.Infrastructure.Persistence", "src\Learnify.Courses.Infrastructure.Persistence\Learnify.Courses.Infrastructure.Persistence.csproj", "{EAB70DC3-C6C9-4024-BA8A-E35FBEBE1205}"
EndProject
Global
	GlobalSection(SolutionConfigurationPlatforms) = preSolution
		Debug|Any CPU = Debug|Any CPU
		Release|Any CPU = Release|Any CPU
	EndGlobalSection
	GlobalSection(ProjectConfigurationPlatforms) = postSolution
		{18056D5A-0362-68A7-F69E-54C11B0F64B3}.Debug|Any CPU.ActiveCfg = Debug|Any CPU
		{18056D5A-0362-68A7-F69E-54C11B0F64B3}.Debug|Any CPU.Build.0 = Debug|Any CPU
		{18056D5A-0362-68A7-F69E-54C11B0F64B3}.Release|Any CPU.ActiveCfg = Release|Any CPU
		{18056D5A-0362-68A7-F69E-54C11B0F64B3}.Release|Any CPU.Build.0 = Release|Any CPU
		{9FE76D67-6C7B-29F9-007D-9194192ACD62}.Debug|Any CPU.ActiveCfg = Debug|Any CPU
		{9FE76D67-6C7B-29F9-007D-9194192ACD62}.Debug|Any CPU.Build.0 = Debug|Any CPU
		{9FE76D67-6C7B-29F9-007D-9194192ACD62}.Release|Any CPU.ActiveCfg = Release|Any CPU
		{9FE76D67-6C7B-29F9-007D-9194192ACD62}.Release|Any CPU.Build.0 = Release|Any CPU
		{11173EDC-1942-A25E-007C-195649E16C97}.Debug|Any CPU.ActiveCfg = Debug|Any CPU
		{11173EDC-1942-A25E-007C-195649E16C97}.Debug|Any CPU.Build.0 = Debug|Any CPU
		{11173EDC-1942-A25E-007C-195649E16C97}.Release|Any CPU.ActiveCfg = Release|Any CPU
		{11173EDC-1942-A25E-007C-195649E16C97}.Release|Any CPU.Build.0 = Release|Any CPU
		{58C731D0-C02F-8E6C-626D-F77E7EFD8D7B}.Debug|Any CPU.ActiveCfg = Debug|Any CPU
		{58C731D0-C02F-8E6C-626D-F77E7EFD8D7B}.Debug|Any CPU.Build.0 = Debug|Any CPU
		{58C731D0-C02F-8E6C-626D-F77E7EFD8D7B}.Release|Any CPU.ActiveCfg = Release|Any CPU
		{58C731D0-C02F-8E6C-626D-F77E7EFD8D7B}.Release|Any CPU.Build.0 = Release|Any CPU
		{CC8D716B-6DCD-8405-CE18-C01178E61BFA}.Debug|Any CPU.ActiveCfg = Debug|Any CPU
		{CC8D716B-6DCD-8405-CE18-C01178E61BFA}.Debug|Any CPU.Build.0 = Debug|Any CPU
		{CC8D716B-6DCD-8405-CE18-C01178E61BFA}.Release|Any CPU.ActiveCfg = Release|Any CPU
		{CC8D716B-6DCD-8405-CE18-C01178E61BFA}.Release|Any CPU.Build.0 = Release|Any CPU
		{60A1284A-BB4B-1C4F-444D-654D6E0EC933}.Debug|Any CPU.ActiveCfg = Debug|Any CPU
		{60A1284A-BB4B-1C4F-444D-654D6E0EC933}.Debug|Any CPU.Build.0 = Debug|Any CPU
		{60A1284A-BB4B-1C4F-444D-654D6E0EC933}.Release|Any CPU.ActiveCfg = Release|Any CPU
		{60A1284A-BB4B-1C4F-444D-654D6E0EC933}.Release|Any CPU.Build.0 = Release|Any CPU
		{DC4CF2A6-9A84-4202-8BEF-8A3C40483E2C}.Debug|Any CPU.ActiveCfg = Debug|Any CPU
		{DC4CF2A6-9A84-4202-8BEF-8A3C40483E2C}.Debug|Any CPU.Build.0 = Debug|Any CPU
		{DC4CF2A6-9A84-4202-8BEF-8A3C40483E2C}.Release|Any CPU.ActiveCfg = Release|Any CPU
		{DC4CF2A6-9A84-4202-8BEF-8A3C40483E2C}.Release|Any CPU.Build.0 = Release|Any CPU
		{CF765A07-3E70-4CA0-8167-A456DDD3F8A4}.Debug|Any CPU.ActiveCfg = Debug|Any CPU
		{CF765A07-3E70-4CA0-8167-A456DDD3F8A4}.Debug|Any CPU.Build.0 = Debug|Any CPU
		{CF765A07-3E70-4CA0-8167-A456DDD3F8A4}.Release|Any CPU.ActiveCfg = Release|Any CPU
		{CF765A07-3E70-4CA0-8167-A456DDD3F8A4}.Release|Any CPU.Build.0 = Release|Any CPU
		{AC6EF5A6-45FA-4C8D-A39E-A56917E96ADD}.Debug|Any CPU.ActiveCfg = Debug|Any CPU
		{AC6EF5A6-45FA-4C8D-A39E-A56917E96ADD}.Debug|Any CPU.Build.0 = Debug|Any CPU
		{AC6EF5A6-45FA-4C8D-A39E-A56917E96ADD}.Release|Any CPU.ActiveCfg = Release|Any CPU
		{AC6EF5A6-45FA-4C8D-A39E-A56917E96ADD}.Release|Any CPU.Build.0 = Release|Any CPU
		{7F83F0FB-7011-4CE2-8703-57AD299408EA}.Debug|Any CPU.ActiveCfg = Debug|Any CPU
		{7F83F0FB-7011-4CE2-8703-57AD299408EA}.Debug|Any CPU.Build.0 = Debug|Any CPU
		{7F83F0FB-7011-4CE2-8703-57AD299408EA}.Release|Any CPU.ActiveCfg = Release|Any CPU
		{7F83F0FB-7011-4CE2-8703-57AD299408EA}.Release|Any CPU.Build.0 = Release|Any CPU
		{EAB70DC3-C6C9-4024-BA8A-E35FBEBE1205}.Debug|Any CPU.ActiveCfg = Debug|Any CPU
		{EAB70DC3-C6C9-4024-BA8A-E35FBEBE1205}.Debug|Any CPU.Build.0 = Debug|Any CPU
		{EAB70DC3-C6C9-4024-BA8A-E35FBEBE1205}.Release|Any CPU.ActiveCfg = Release|Any CPU
		{EAB70DC3-C6C9-4024-BA8A-E35FBEBE1205}.Release|Any CPU.Build.0 = Release|Any CPU
	EndGlobalSection
	GlobalSection(SolutionProperties) = preSolution
		HideSolutionNode = FALSE
	EndGlobalSection
	GlobalSection(NestedProjects) = preSolution
		{18056D5A-0362-68A7-F69E-54C11B0F64B3} = {84E5181D-21AA-4D06-B98A-D0F5B1A61B93}
		{9FE76D67-6C7B-29F9-007D-9194192ACD62} = {88A13151-C745-4E63-97C8-AC4F96EEB136}
		{11173EDC-1942-A25E-007C-195649E16C97} = {F990A3EC-5CA0-48A1-AC40-C308B7F230C0}
		{58C731D0-C02F-8E6C-626D-F77E7EFD8D7B} = {02EA681E-C7D8-13C7-8484-4AC65E1B71E8}
		{CC8D716B-6DCD-8405-CE18-C01178E61BFA} = {FA888978-31FF-442C-98E4-7D4F88D5E725}
		{60A1284A-BB4B-1C4F-444D-654D6E0EC933} = {FA888978-31FF-442C-98E4-7D4F88D5E725}
		{DC4CF2A6-9A84-4202-8BEF-8A3C40483E2C} = {02EA681E-C7D8-13C7-8484-4AC65E1B71E8}
		{CF765A07-3E70-4CA0-8167-A456DDD3F8A4} = {F990A3EC-5CA0-48A1-AC40-C308B7F230C0}
		{AC6EF5A6-45FA-4C8D-A39E-A56917E96ADD} = {B8569C59-5E23-4212-9CCA-ED7FC86ED05C}
		{7F83F0FB-7011-4CE2-8703-57AD299408EA} = {B8569C59-5E23-4212-9CCA-ED7FC86ED05C}
		{EAB70DC3-C6C9-4024-BA8A-E35FBEBE1205} = {F990A3EC-5CA0-48A1-AC40-C308B7F230C0}
	EndGlobalSection
	GlobalSection(ExtensibilityGlobals) = postSolution
		SolutionGuid = {A6C47968-72EE-4E77-AEC7-5312E03FC69D}
	EndGlobalSection
EndGlobal
