
Microsoft Visual Studio Solution File, Format Version 12.00
# Visual Studio Version 17
VisualStudioVersion = 17.0.31903.59
MinimumVisualStudioVersion = 10.0.40219.1
Project("{FAE04EC0-301F-11D3-BF4B-00C04F79EFBC}") = "Learnify.Identity.WebApi", "src\Learnify.Identity.WebApi\Learnify.Identity.WebApi.csproj", "{882D7D2C-A2C7-4B47-840C-27D2A0B14789}"
EndProject
Project("{FAE04EC0-301F-11D3-BF4B-00C04F79EFBC}") = "Learnify.Identity.WebApi.IntegrationTests", "tests\Learnify.Identity.WebApi.IntegrationTests\Learnify.Identity.WebApi.IntegrationTests.csproj", "{6A7BE6EE-94CF-461E-A29D-0042537C7DC0}"
EndProject
Global
	GlobalSection(SolutionConfigurationPlatforms) = preSolution
		Debug|Any CPU = Debug|Any CPU
		Release|Any CPU = Release|Any CPU
	EndGlobalSection
	GlobalSection(ProjectConfigurationPlatforms) = postSolution
		{882D7D2C-A2C7-4B47-840C-27D2A0B14789}.Debug|Any CPU.ActiveCfg = Debug|Any CPU
		{882D7D2C-A2C7-4B47-840C-27D2A0B14789}.Debug|Any CPU.Build.0 = Debug|Any CPU
		{882D7D2C-A2C7-4B47-840C-27D2A0B14789}.Release|Any CPU.ActiveCfg = Release|Any CPU
		{882D7D2C-A2C7-4B47-840C-27D2A0B14789}.Release|Any CPU.Build.0 = Release|Any CPU
		{6A7BE6EE-94CF-461E-A29D-0042537C7DC0}.Debug|Any CPU.ActiveCfg = Debug|Any CPU
		{6A7BE6EE-94CF-461E-A29D-0042537C7DC0}.Debug|Any CPU.Build.0 = Debug|Any CPU
		{6A7BE6EE-94CF-461E-A29D-0042537C7DC0}.Release|Any CPU.ActiveCfg = Release|Any CPU
		{6A7BE6EE-94CF-461E-A29D-0042537C7DC0}.Release|Any CPU.Build.0 = Release|Any CPU
	EndGlobalSection
	GlobalSection(SolutionProperties) = preSolution
		HideSolutionNode = FALSE
	EndGlobalSection
	GlobalSection(ExtensibilityGlobals) = postSolution
		SolutionGuid = {88CBC616-9609-47CF-BBF6-8D870F82F48D}
	EndGlobalSection
EndGlobal
