<Solution>
  <Project Path="src\Learnify.VideoProcessing.Application\Learnify.VideoProcessing.Application.csproj" Type="Classic C#" />
  <Project Path="src\Learnify.VideoProcessing.Domain\Learnify.VideoProcessing.Domain.csproj" Type="Classic C#" />
  <Project Path="src\Learnify.VideoProcessing.Infrastructure\Learnify.VideoProcessing.Infrastructure.csproj" Type="Classic C#" />
</Solution>